
Microsoft Visual Studio Solution File, Format Version 12.00
# Visual Studio 2013
VisualStudioVersion = 12.0.30324.0
MinimumVisualStudioVersion = 10.0.40219.1
Project("{FAE04EC0-301F-11D3-BF4B-00C04F79EFBC}") = "QQ.NET", "QQ.NET\QQ.NET.csproj", "{50A955B1-69C9-4BC6-9003-889135D7457F}"
EndProject
Project("{FAE04EC0-301F-11D3-BF4B-00C04F79EFBC}") = "QQ.ConsoleHost", "QQ.ConsoleHost\QQ.ConsoleHost.csproj", "{01663036-3D43-4A8C-9FE4-8724D84C5C56}"
EndProject
Project("{2150E333-8FDC-42A3-9474-1A3956D46DE8}") = ".nuget", ".nuget", "{F5A06717-36E8-4A71-97E8-BC908DB6B9C0}"
	ProjectSection(SolutionItems) = preProject
		.nuget\NuGet.Config = .nuget\NuGet.Config
		.nuget\NuGet.exe = .nuget\NuGet.exe
		.nuget\NuGet.targets = .nuget\NuGet.targets
		.nuget\packages.config = .nuget\packages.config
	EndProjectSection
EndProject
Project("{FAE04EC0-301F-11D3-BF4B-00C04F79EFBC}") = "QQ.ConsoleHost.Listener", "QQ.ConsoleHost.Listener\QQ.ConsoleHost.Listener.csproj", "{DD04058A-C3D6-46D5-9E69-F217978AD291}"
EndProject
Global
	GlobalSection(SolutionConfigurationPlatforms) = preSolution
		Debug|Any CPU = Debug|Any CPU
		Release|Any CPU = Release|Any CPU
	EndGlobalSection
	GlobalSection(ProjectConfigurationPlatforms) = postSolution
		{50A955B1-69C9-4BC6-9003-889135D7457F}.Debug|Any CPU.ActiveCfg = Debug|Any CPU
		{50A955B1-69C9-4BC6-9003-889135D7457F}.Debug|Any CPU.Build.0 = Debug|Any CPU
		{50A955B1-69C9-4BC6-9003-889135D7457F}.Release|Any CPU.ActiveCfg = Release|Any CPU
		{50A955B1-69C9-4BC6-9003-889135D7457F}.Release|Any CPU.Build.0 = Release|Any CPU
		{01663036-3D43-4A8C-9FE4-8724D84C5C56}.Debug|Any CPU.ActiveCfg = Debug|Any CPU
		{01663036-3D43-4A8C-9FE4-8724D84C5C56}.Debug|Any CPU.Build.0 = Debug|Any CPU
		{01663036-3D43-4A8C-9FE4-8724D84C5C56}.Release|Any CPU.ActiveCfg = Release|Any CPU
		{01663036-3D43-4A8C-9FE4-8724D84C5C56}.Release|Any CPU.Build.0 = Release|Any CPU
		{DD04058A-C3D6-46D5-9E69-F217978AD291}.Debug|Any CPU.ActiveCfg = Debug|Any CPU
		{DD04058A-C3D6-46D5-9E69-F217978AD291}.Debug|Any CPU.Build.0 = Debug|Any CPU
		{DD04058A-C3D6-46D5-9E69-F217978AD291}.Release|Any CPU.ActiveCfg = Release|Any CPU
		{DD04058A-C3D6-46D5-9E69-F217978AD291}.Release|Any CPU.Build.0 = Release|Any CPU
	EndGlobalSection
	GlobalSection(SolutionProperties) = preSolution
		HideSolutionNode = FALSE
	EndGlobalSection
EndGlobal
